
Microsoft Visual Studio Solution File, Format Version 12.00
# Visual Studio Version 16
VisualStudioVersion = 16.0.30011.22
MinimumVisualStudioVersion = 10.0.40219.1
Project("{FAE04EC0-301F-11D3-BF4B-00C04F79EFBC}") = "StringCalculator", "StringCalculator.csproj", "{2E83529B-A8BD-4A7A-AFE5-87D7C71D0F29}"
EndProject
Project("{FAE04EC0-301F-11D3-BF4B-00C04F79EFBC}") = "StringCalculator.Tests", "..\StringCalculator.Tests\StringCalculator.Tests.csproj", "{9B3C54DE-FE0B-4755-87F7-E1E8995A81DD}"
EndProject
Project("{FAE04EC0-301F-11D3-BF4B-00C04F79EFBC}") = "BL", "..\BL\BL.csproj", "{694B03B6-7769-44C4-9EEE-5B2B695CF7A4}"
EndProject
Global
	GlobalSection(SolutionConfigurationPlatforms) = preSolution
		Debug|Any CPU = Debug|Any CPU
		Release|Any CPU = Release|Any CPU
	EndGlobalSection
	GlobalSection(ProjectConfigurationPlatforms) = postSolution
		{2E83529B-A8BD-4A7A-AFE5-87D7C71D0F29}.Debug|Any CPU.ActiveCfg = Debug|Any CPU
		{2E83529B-A8BD-4A7A-AFE5-87D7C71D0F29}.Debug|Any CPU.Build.0 = Debug|Any CPU
		{2E83529B-A8BD-4A7A-AFE5-87D7C71D0F29}.Release|Any CPU.ActiveCfg = Release|Any CPU
		{2E83529B-A8BD-4A7A-AFE5-87D7C71D0F29}.Release|Any CPU.Build.0 = Release|Any CPU
		{9B3C54DE-FE0B-4755-87F7-E1E8995A81DD}.Debug|Any CPU.ActiveCfg = Debug|Any CPU
		{9B3C54DE-FE0B-4755-87F7-E1E8995A81DD}.Debug|Any CPU.Build.0 = Debug|Any CPU
		{9B3C54DE-FE0B-4755-87F7-E1E8995A81DD}.Release|Any CPU.ActiveCfg = Release|Any CPU
		{9B3C54DE-FE0B-4755-87F7-E1E8995A81DD}.Release|Any CPU.Build.0 = Release|Any CPU
		{694B03B6-7769-44C4-9EEE-5B2B695CF7A4}.Debug|Any CPU.ActiveCfg = Debug|Any CPU
		{694B03B6-7769-44C4-9EEE-5B2B695CF7A4}.Debug|Any CPU.Build.0 = Debug|Any CPU
		{694B03B6-7769-44C4-9EEE-5B2B695CF7A4}.Release|Any CPU.ActiveCfg = Release|Any CPU
		{694B03B6-7769-44C4-9EEE-5B2B695CF7A4}.Release|Any CPU.Build.0 = Release|Any CPU
	EndGlobalSection
	GlobalSection(SolutionProperties) = preSolution
		HideSolutionNode = FALSE
	EndGlobalSection
	GlobalSection(ExtensibilityGlobals) = postSolution
		SolutionGuid = {B466838D-DA8D-4F1A-A4EF-9E299A20BF89}
	EndGlobalSection
EndGlobal
